
Microsoft Visual Studio Solution File, Format Version 12.00
# Visual Studio Version 17
VisualStudioVersion = 17.13.35931.197 d17.13
MinimumVisualStudioVersion = 10.0.40219.1
Project("{FAE04EC0-301F-11D3-BF4B-00C04F79EFBC}") = "ArmyManager", "ArmyManager.csproj", "{244FF2D3-CF2E-4FFA-8A30-40F92D34AB06}"
EndProject
Global
	GlobalSection(SolutionConfigurationPlatforms) = preSolution
		Debug|Any CPU = Debug|Any CPU
		Release|Any CPU = Release|Any CPU
	EndGlobalSection
	GlobalSection(ProjectConfigurationPlatforms) = postSolution
		{244FF2D3-CF2E-4FFA-8A30-40F92D34AB06}.Debug|Any CPU.ActiveCfg = Debug|Any CPU
		{244FF2D3-CF2E-4FFA-8A30-40F92D34AB06}.Debug|Any CPU.Build.0 = Debug|Any CPU
		{244FF2D3-CF2E-4FFA-8A30-40F92D34AB06}.Release|Any CPU.ActiveCfg = Release|Any CPU
		{244FF2D3-CF2E-4FFA-8A30-40F92D34AB06}.Release|Any CPU.Build.0 = Release|Any CPU
	EndGlobalSection
	GlobalSection(SolutionProperties) = preSolution
		HideSolutionNode = FALSE
	EndGlobalSection
	GlobalSection(ExtensibilityGlobals) = postSolution
		SolutionGuid = {C3E9F7F4-8706-4EEE-AF83-0F1195A2B3E8}
	EndGlobalSection
EndGlobal
